
Microsoft Visual Studio Solution File, Format Version 12.00
# Visual Studio Version 16
VisualStudioVersion = 16.0.28803.202
MinimumVisualStudioVersion = 10.0.40219.1
Project("{FAE04EC0-301F-11D3-BF4B-00C04F79EFBC}") = "AsyncWait_01_Basico", "AsyncWait_01_Basico\AsyncWait_01_Basico.csproj", "{AD344D57-7766-4ACD-B81A-3C21211C9B9D}"
EndProject
Global
	GlobalSection(SolutionConfigurationPlatforms) = preSolution
		Debug|Any CPU = Debug|Any CPU
		Release|Any CPU = Release|Any CPU
	EndGlobalSection
	GlobalSection(ProjectConfigurationPlatforms) = postSolution
		{AD344D57-7766-4ACD-B81A-3C21211C9B9D}.Debug|Any CPU.ActiveCfg = Debug|Any CPU
		{AD344D57-7766-4ACD-B81A-3C21211C9B9D}.Debug|Any CPU.Build.0 = Debug|Any CPU
		{AD344D57-7766-4ACD-B81A-3C21211C9B9D}.Release|Any CPU.ActiveCfg = Release|Any CPU
		{AD344D57-7766-4ACD-B81A-3C21211C9B9D}.Release|Any CPU.Build.0 = Release|Any CPU
	EndGlobalSection
	GlobalSection(SolutionProperties) = preSolution
		HideSolutionNode = FALSE
	EndGlobalSection
	GlobalSection(ExtensibilityGlobals) = postSolution
		SolutionGuid = {FE910C83-16DB-4FAF-B0D8-54199E215E03}
	EndGlobalSection
EndGlobal
